
Microsoft Visual Studio Solution File, Format Version 12.00
# Visual Studio Version 16
VisualStudioVersion = 16.0.32002.261
MinimumVisualStudioVersion = 10.0.40219.1
Project("{9A19103F-16F7-4668-BE54-9A1E7A4F7556}") = "WPF-MVVM", "WPF-MVVM\WPF-MVVM.csproj", "{F68BAC86-9729-4697-9164-89B71DAAF799}"
EndProject
Project("{9A19103F-16F7-4668-BE54-9A1E7A4F7556}") = "EFLib", "EF-lib\EFLib\EFLib\EFLib.csproj", "{3685B77C-6C29-427B-A134-795520FBE9C9}"
EndProject
Global
	GlobalSection(SolutionConfigurationPlatforms) = preSolution
		Debug|Any CPU = Debug|Any CPU
		Release|Any CPU = Release|Any CPU
	EndGlobalSection
	GlobalSection(ProjectConfigurationPlatforms) = postSolution
		{F68BAC86-9729-4697-9164-89B71DAAF799}.Debug|Any CPU.ActiveCfg = Debug|Any CPU
		{F68BAC86-9729-4697-9164-89B71DAAF799}.Debug|Any CPU.Build.0 = Debug|Any CPU
		{F68BAC86-9729-4697-9164-89B71DAAF799}.Release|Any CPU.ActiveCfg = Release|Any CPU
		{F68BAC86-9729-4697-9164-89B71DAAF799}.Release|Any CPU.Build.0 = Release|Any CPU
		{3685B77C-6C29-427B-A134-795520FBE9C9}.Debug|Any CPU.ActiveCfg = Debug|Any CPU
		{3685B77C-6C29-427B-A134-795520FBE9C9}.Debug|Any CPU.Build.0 = Debug|Any CPU
		{3685B77C-6C29-427B-A134-795520FBE9C9}.Release|Any CPU.ActiveCfg = Release|Any CPU
		{3685B77C-6C29-427B-A134-795520FBE9C9}.Release|Any CPU.Build.0 = Release|Any CPU
	EndGlobalSection
	GlobalSection(SolutionProperties) = preSolution
		HideSolutionNode = FALSE
	EndGlobalSection
	GlobalSection(ExtensibilityGlobals) = postSolution
		SolutionGuid = {E9A78537-147C-40B9-982E-F7878860FB81}
	EndGlobalSection
EndGlobal
